
Microsoft Visual Studio Solution File, Format Version 12.00
# Visual Studio Version 16
VisualStudioVersion = 16.0.30204.135
MinimumVisualStudioVersion = 15.0.26124.0
Project("{9A19103F-16F7-4668-BE54-9A1E7A4F7556}") = "Netsoft.Clound.App1", "src\Netsoft.Clound.App1\Netsoft.Clound.App1.csproj", "{3F096B3D-354D-44F5-95A9-CD731F05EB08}"
EndProject
Global
	GlobalSection(SolutionConfigurationPlatforms) = preSolution
		Debug|Any CPU = Debug|Any CPU
		Debug|x64 = Debug|x64
		Debug|x86 = Debug|x86
		Release|Any CPU = Release|Any CPU
		Release|x64 = Release|x64
		Release|x86 = Release|x86
	EndGlobalSection
	GlobalSection(ProjectConfigurationPlatforms) = postSolution
		{3F096B3D-354D-44F5-95A9-CD731F05EB08}.Debug|Any CPU.ActiveCfg = Debug|Any CPU
		{3F096B3D-354D-44F5-95A9-CD731F05EB08}.Debug|Any CPU.Build.0 = Debug|Any CPU
		{3F096B3D-354D-44F5-95A9-CD731F05EB08}.Debug|x64.ActiveCfg = Debug|Any CPU
		{3F096B3D-354D-44F5-95A9-CD731F05EB08}.Debug|x64.Build.0 = Debug|Any CPU
		{3F096B3D-354D-44F5-95A9-CD731F05EB08}.Debug|x86.ActiveCfg = Debug|Any CPU
		{3F096B3D-354D-44F5-95A9-CD731F05EB08}.Debug|x86.Build.0 = Debug|Any CPU
		{3F096B3D-354D-44F5-95A9-CD731F05EB08}.Release|Any CPU.ActiveCfg = Release|Any CPU
		{3F096B3D-354D-44F5-95A9-CD731F05EB08}.Release|Any CPU.Build.0 = Release|Any CPU
		{3F096B3D-354D-44F5-95A9-CD731F05EB08}.Release|x64.ActiveCfg = Release|Any CPU
		{3F096B3D-354D-44F5-95A9-CD731F05EB08}.Release|x64.Build.0 = Release|Any CPU
		{3F096B3D-354D-44F5-95A9-CD731F05EB08}.Release|x86.ActiveCfg = Release|Any CPU
		{3F096B3D-354D-44F5-95A9-CD731F05EB08}.Release|x86.Build.0 = Release|Any CPU
	EndGlobalSection
	GlobalSection(SolutionProperties) = preSolution
		HideSolutionNode = FALSE
	EndGlobalSection
	GlobalSection(ExtensibilityGlobals) = postSolution
		SolutionGuid = {8EB1C2EF-A038-467C-9898-764FA55A7166}
	EndGlobalSection
EndGlobal
